
Microsoft Visual Studio Solution File, Format Version 12.00
# Visual Studio Version 17
VisualStudioVersion = 17.0.31903.59
MinimumVisualStudioVersion = 10.0.40219.1
Project("{FAE04EC0-301F-11D3-BF4B-00C04F79EFBC}") = "Bindings", "Bindings.csproj", "{428B7515-E3EA-4B4F-855D-C0FAF02E6053}"
EndProject
Global
	GlobalSection(SolutionConfigurationPlatforms) = preSolution
		Debug|Any CPU = Debug|Any CPU
		Release|Any CPU = Release|Any CPU
	EndGlobalSection
	GlobalSection(SolutionProperties) = preSolution
		HideSolutionNode = FALSE
	EndGlobalSection
	GlobalSection(ProjectConfigurationPlatforms) = postSolution
		{428B7515-E3EA-4B4F-855D-C0FAF02E6053}.Debug|Any CPU.ActiveCfg = Debug|Any CPU
		{428B7515-E3EA-4B4F-855D-C0FAF02E6053}.Debug|Any CPU.Build.0 = Debug|Any CPU
		{428B7515-E3EA-4B4F-855D-C0FAF02E6053}.Release|Any CPU.ActiveCfg = Release|Any CPU
		{428B7515-E3EA-4B4F-855D-C0FAF02E6053}.Release|Any CPU.Build.0 = Release|Any CPU
	EndGlobalSection
EndGlobal
